{
  "name": "ontovisu",
  "version": "1.0.0",
  "lockfileVersion": 1,
  "requires": true,
  "dependencies": {
    "n3": {
      "version": "1.0.4",
      "resolved": "https://registry.npmjs.org/n3/-/n3-1.0.4.tgz",
      "integrity": "sha512-iMHI7n3OsmMsUf6u9un6f8TCPgN1Zs6uKKcXrpTFUNXaswaOFk3H2/YuzuLE4T5Mhd+1haXAuufBFmsbRaULzw=="
    },
    "xmlhttprequest": {
      "version": "1.8.0",
      "resolved": "https://registry.npmjs.org/xmlhttprequest/-/xmlhttprequest-1.8.0.tgz",
      "integrity": "sha1-Z/4HXFwk/vOfnWX197f+dRcZaPw="
    }
  }
}
